<?xml version="1.0" encoding="utf-8"?>
<Project ToolsVersion="4.0" xmlns="http://schemas.microsoft.com/developer/msbuild/2003">
  <ItemGroup>
    <Filter Include="Source Files">
      <UniqueIdentifier>{4FC737F1-C7A5-4376-A066-2A32D752A2FF}</UniqueIdentifier>
      <Extensions>cpp;c;cc;cxx;def;odl;idl;hpj;bat;asm;asmx</Extensions>
    </Filter>
    <Filter Include="Header Files">
      <UniqueIdentifier>{93995380-89BD-4b04-88EB-625FBE52EBFB}</UniqueIdentifier>
      <Extensions>h;hh;hpp;hxx;hm;inl;inc;ipp;xsd</Extensions>
    </Filter>
    <Filter Include="Resource Files">
      <UniqueIdentifier>{67DA6AB6-F800-4c08-8B7A-83BB121AAD01}</UniqueIdentifier>
      <Extensions>rc;ico;cur;bmp;dlg;rc2;rct;bin;rgs;gif;jpg;jpeg;jpe;resx;tiff;tif;png;wav;mfcribbon-ms</Extensions>
    </Filter>
  </ItemGroup>
  <ItemGroup>
    <ClCompile Include="main\src\main.cpp">
      <Filter>Source Files</Filter>
    </ClCompile>
    <ClCompile Include="main\src\game_core.cpp">
      <Filter>Source Files</Filter>
    </ClCompile>
    <ClCompile Include="main\src\color_buffer.cpp">
      <Filter>Source Files</Filter>
    </ClCompile>
    <ClCompile Include="main\src\command_allocator_pool.cpp">
      <Filter>Source Files</Filter>
    </ClCompile>
    <ClCompile Include="main\src\command_context.cpp">
      <Filter>Source Files</Filter>
    </ClCompile>
    <ClCompile Include="main\src\command_list_manager.cpp">
      <Filter>Source Files</Filter>
    </ClCompile>
    <ClCompile Include="main\src\command_queue.cpp">
      <Filter>Source Files</Filter>
    </ClCompile>
    <ClCompile Include="main\src\depth_stencil_buffer.cpp">
      <Filter>Source Files</Filter>
    </ClCompile>
    <ClCompile Include="main\src\descriptor_allocator.cpp">
      <Filter>Source Files</Filter>
    </ClCompile>
    <ClCompile Include="main\src\gpu_resource.cpp">
      <Filter>Source Files</Filter>
    </ClCompile>
    <ClCompile Include="main\src\graphics_core.cpp">
      <Filter>Source Files</Filter>
    </ClCompile>
    <ClCompile Include="main\src\pixel_buffer.cpp">
      <Filter>Source Files</Filter>
    </ClCompile>
    <ClCompile Include="main\src\utility.cpp">
      <Filter>Source Files</Filter>
    </ClCompile>
    <ClCompile Include="main\src\gpu_buffer.cpp">
      <Filter>Source Files</Filter>
    </ClCompile>
    <ClCompile Include="main\src\pipeline_state.cpp">
      <Filter>Source Files</Filter>
    </ClCompile>
    <ClCompile Include="main\src\root_signature.cpp">
      <Filter>Source Files</Filter>
    </ClCompile>
    <ClCompile Include="main\src\linear_allocator.cpp">
      <Filter>Source Files</Filter>
    </ClCompile>
    <ClCompile Include="main\src\debug_log.cpp">
      <Filter>Source Files</Filter>
    </ClCompile>
    <ClCompile Include="main\src\render_system.cpp">
      <Filter>Source Files</Filter>
    </ClCompile>
    <ClCompile Include="main\src\math_helper.cpp">
      <Filter>Source Files</Filter>
    </ClCompile>
    <ClCompile Include="main\src\game_timer.cpp">
      <Filter>Source Files</Filter>
    </ClCompile>
    <ClCompile Include="main\src\DDSTextureLoader.cpp">
      <Filter>Source Files</Filter>
    </ClCompile>
    <ClCompile Include="main\src\file_utility.cpp">
      <Filter>Source Files</Filter>
    </ClCompile>
    <ClCompile Include="main\src\sampler_manager.cpp">
      <Filter>Source Files</Filter>
    </ClCompile>
    <ClCompile Include="main\src\dynamic_descriptor_heap.cpp">
      <Filter>Source Files</Filter>
    </ClCompile>
    <ClCompile Include="main\src\ssao.cpp">
      <Filter>Source Files</Filter>
    </ClCompile>
    <ClCompile Include="main\src\texture_manager.cpp">
      <Filter>Source Files</Filter>
    </ClCompile>
    <ClCompile Include="main\src\graphics_common.cpp">
      <Filter>Source Files</Filter>
    </ClCompile>
    <ClCompile Include="main\src\depth_of_field.cpp">
      <Filter>Source Files</Filter>
    </ClCompile>
    <ClCompile Include="main\src\camera.cpp">
      <Filter>Source Files</Filter>
    </ClCompile>
    <ClCompile Include="main\src\camera_controller.cpp">
      <Filter>Source Files</Filter>
    </ClCompile>
    <ClCompile Include="main\src\model.cpp">
      <Filter>Source Files</Filter>
    </ClCompile>
    <ClCompile Include="main\src\render_object.cpp">
      <Filter>Source Files</Filter>
    </ClCompile>
    <ClCompile Include="main\src\game_setting.cpp">
      <Filter>Source Files</Filter>
    </ClCompile>
    <ClCompile Include="main\src\render_queue.cpp">
      <Filter>Source Files</Filter>
    </ClCompile>
    <ClCompile Include="main\src\optional_system.cpp">
      <Filter>Source Files</Filter>
    </ClCompile>
    <ClCompile Include="main\src\mesh_geometry.cpp">
      <Filter>Source Files</Filter>
    </ClCompile>
    <ClCompile Include="main\src\skybox.cpp">
      <Filter>Source Files</Filter>
    </ClCompile>
    <ClCompile Include="main\src\graphics_utility.cpp">
      <Filter>Source Files</Filter>
    </ClCompile>
    <ClCompile Include="main\include\gi_utility.cpp">
      <Filter>Source Files</Filter>
    </ClCompile>
    <ClCompile Include="main\src\ssr.cpp">
      <Filter>Source Files</Filter>
    </ClCompile>
  </ItemGroup>
  <ItemGroup>
    <ClInclude Include="main\include\game_core.h">
      <Filter>Header Files</Filter>
    </ClInclude>
    <ClInclude Include="main\include\color.h">
      <Filter>Header Files</Filter>
    </ClInclude>
    <ClInclude Include="main\include\color_buffer.h">
      <Filter>Header Files</Filter>
    </ClInclude>
    <ClInclude Include="main\include\command_allocator_pool.h">
      <Filter>Header Files</Filter>
    </ClInclude>
    <ClInclude Include="main\include\command_context.h">
      <Filter>Header Files</Filter>
    </ClInclude>
    <ClInclude Include="main\include\command_list_manager.h">
      <Filter>Header Files</Filter>
    </ClInclude>
    <ClInclude Include="main\include\command_queue.h">
      <Filter>Header Files</Filter>
    </ClInclude>
    <ClInclude Include="main\include\d3dx12.h">
      <Filter>Header Files</Filter>
    </ClInclude>
    <ClInclude Include="main\include\debug_log.h">
      <Filter>Header Files</Filter>
    </ClInclude>
    <ClInclude Include="main\include\depth_stencil_buffer.h">
      <Filter>Header Files</Filter>
    </ClInclude>
    <ClInclude Include="main\include\descriptor_allocator.h">
      <Filter>Header Files</Filter>
    </ClInclude>
    <ClInclude Include="main\include\gpu_resource.h">
      <Filter>Header Files</Filter>
    </ClInclude>
    <ClInclude Include="main\include\pixel_buffer.h">
      <Filter>Header Files</Filter>
    </ClInclude>
    <ClInclude Include="main\include\utility.h">
      <Filter>Header Files</Filter>
    </ClInclude>
    <ClInclude Include="main\include\render_system.h">
      <Filter>Header Files</Filter>
    </ClInclude>
    <ClInclude Include="main\include\gpu_buffer.h">
      <Filter>Header Files</Filter>
    </ClInclude>
    <ClInclude Include="main\include\graphics_core.h">
      <Filter>Header Files</Filter>
    </ClInclude>
    <ClInclude Include="main\include\model.h">
      <Filter>Header Files</Filter>
    </ClInclude>
    <ClInclude Include="main\include\root_signature.h">
      <Filter>Header Files</Filter>
    </ClInclude>
    <ClInclude Include="main\include\pipeline_state.h">
      <Filter>Header Files</Filter>
    </ClInclude>
    <ClInclude Include="main\include\linear_allocator.h">
      <Filter>Header Files</Filter>
    </ClInclude>
    <ClInclude Include="main\include\common_helper.h">
      <Filter>Header Files</Filter>
    </ClInclude>
    <ClInclude Include="main\include\memory_utility.h">
      <Filter>Header Files</Filter>
    </ClInclude>
    <ClInclude Include="main\include\defines_common.h">
      <Filter>Header Files</Filter>
    </ClInclude>
    <ClInclude Include="main\include\math_helper.h">
      <Filter>Header Files</Filter>
    </ClInclude>
    <ClInclude Include="main\include\game_timer.h">
      <Filter>Header Files</Filter>
    </ClInclude>
    <ClInclude Include="main\include\texture_manager.h">
      <Filter>Header Files</Filter>
    </ClInclude>
    <ClInclude Include="main\include\file_utility.h">
      <Filter>Header Files</Filter>
    </ClInclude>
    <ClInclude Include="main\include\sampler_manager.h">
      <Filter>Header Files</Filter>
    </ClInclude>
    <ClInclude Include="main\include\dynamic_descriptor_heap.h">
      <Filter>Header Files</Filter>
    </ClInclude>
    <ClInclude Include="main\include\light.h">
      <Filter>Header Files</Filter>
    </ClInclude>
    <ClInclude Include="main\include\ssao.h">
      <Filter>Header Files</Filter>
    </ClInclude>
    <ClInclude Include="main\include\graphics_common.h">
      <Filter>Header Files</Filter>
    </ClInclude>
    <ClInclude Include="main\include\depth_of_field.h">
      <Filter>Header Files</Filter>
    </ClInclude>
    <ClInclude Include="main\include\camera.h">
      <Filter>Header Files</Filter>
    </ClInclude>
    <ClInclude Include="main\include\camera_controller.h">
      <Filter>Header Files</Filter>
    </ClInclude>
    <ClInclude Include="main\include\render_object.h">
      <Filter>Header Files</Filter>
    </ClInclude>
    <ClInclude Include="main\include\game_setting.h">
      <Filter>Header Files</Filter>
    </ClInclude>
    <ClInclude Include="main\include\render_queue.h">
      <Filter>Header Files</Filter>
    </ClInclude>
    <ClInclude Include="main\include\optional_system.h">
      <Filter>Header Files</Filter>
    </ClInclude>
    <ClInclude Include="main\include\mesh_geometry.h">
      <Filter>Header Files</Filter>
    </ClInclude>
    <ClInclude Include="main\include\singleton.h">
      <Filter>Header Files</Filter>
    </ClInclude>
    <ClInclude Include="main\include\skybox.h">
      <Filter>Header Files</Filter>
    </ClInclude>
    <ClInclude Include="main\include\game_include.h">
      <Filter>Header Files</Filter>
    </ClInclude>
    <ClInclude Include="main\include\graphics_utility.h">
      <Filter>Header Files</Filter>
    </ClInclude>
    <ClInclude Include="main\include\ssr.h">
      <Filter>Header Files</Filter>
    </ClInclude>
    <ClInclude Include="main\include\gi_utility.h">
      <Filter>Header Files</Filter>
    </ClInclude>
  </ItemGroup>
</Project>